
Microsoft Visual Studio Solution File, Format Version 12.00
# Visual Studio 14
VisualStudioVersion = 14.0.25420.1
MinimumVisualStudioVersion = 10.0.40219.1
Project("{FAE04EC0-301F-11D3-BF4B-00C04F79EFBC}") = "CorexJs", "CorexJs\CorexJs.csproj", "{4639B8BF-851C-42A3-862F-BBF893D6F7C5}"
EndProject
Project("{FAE04EC0-301F-11D3-BF4B-00C04F79EFBC}") = "TidyTree", "TidyTree\TidyTree.csproj", "{A3097FCE-19B7-4C82-B7DE-5B3B24622ED2}"
EndProject
Project("{2150E333-8FDC-42A3-9474-1A3956D46DE8}") = "Solution Items", "Solution Items", "{7831F383-51E9-439F-9485-8577BBC9587D}"
	ProjectSection(SolutionItems) = preProject
		.gitignore = .gitignore
		Common.targets = Common.targets
		LICENSE = LICENSE
		README.md = README.md
	EndProjectSection
EndProject
Project("{FAE04EC0-301F-11D3-BF4B-00C04F79EFBC}") = "amp", "amp\amp.csproj", "{F5073644-76D6-425E-A1AB-C6D34C84F002}"
EndProject
Project("{E24C65DC-7377-472B-9ABA-BC803B73C61A}") = "corex-js", "corex-js\", "{AE525B91-AB89-485D-A1F3-90410151AB5F}"
	ProjectSection(WebsiteProperties) = preProject
		TargetFrameworkMoniker = ".NETFramework,Version%3Dv4.0"
		Debug.AspNetCompiler.VirtualPath = "/localhost_64997"
		Debug.AspNetCompiler.PhysicalPath = "corex-js\"
		Debug.AspNetCompiler.TargetPath = "PrecompiledWeb\localhost_64997\"
		Debug.AspNetCompiler.Updateable = "true"
		Debug.AspNetCompiler.ForceOverwrite = "true"
		Debug.AspNetCompiler.FixedNames = "false"
		Debug.AspNetCompiler.Debug = "True"
		Release.AspNetCompiler.VirtualPath = "/localhost_64997"
		Release.AspNetCompiler.PhysicalPath = "corex-js\"
		Release.AspNetCompiler.TargetPath = "PrecompiledWeb\localhost_64997\"
		Release.AspNetCompiler.Updateable = "true"
		Release.AspNetCompiler.ForceOverwrite = "true"
		Release.AspNetCompiler.FixedNames = "false"
		Release.AspNetCompiler.Debug = "False"
		VWDPort = "64997"
		SlnRelativePath = "corex-js\"
	EndProjectSection
EndProject
Project("{E24C65DC-7377-472B-9ABA-BC803B73C61A}") = "corex-jquery", "corex-jquery\", "{A60869B3-E3C1-4BD1-869A-472A99F55DE6}"
	ProjectSection(WebsiteProperties) = preProject
		TargetFrameworkMoniker = ".NETFramework,Version%3Dv4.0"
		Debug.AspNetCompiler.VirtualPath = "/localhost_52561"
		Debug.AspNetCompiler.PhysicalPath = "corex-jquery\"
		Debug.AspNetCompiler.TargetPath = "PrecompiledWeb\localhost_52561\"
		Debug.AspNetCompiler.Updateable = "true"
		Debug.AspNetCompiler.ForceOverwrite = "true"
		Debug.AspNetCompiler.FixedNames = "false"
		Debug.AspNetCompiler.Debug = "True"
		Release.AspNetCompiler.VirtualPath = "/localhost_52561"
		Release.AspNetCompiler.PhysicalPath = "corex-jquery\"
		Release.AspNetCompiler.TargetPath = "PrecompiledWeb\localhost_52561\"
		Release.AspNetCompiler.Updateable = "true"
		Release.AspNetCompiler.ForceOverwrite = "true"
		Release.AspNetCompiler.FixedNames = "false"
		Release.AspNetCompiler.Debug = "False"
		VWDPort = "52561"
		SlnRelativePath = "corex-jquery\"
	EndProjectSection
EndProject
Project("{E24C65DC-7377-472B-9ABA-BC803B73C61A}") = "template", "template\", "{4CC50A26-0913-4735-9738-DA3D03F87BFF}"
	ProjectSection(WebsiteProperties) = preProject
		TargetFrameworkMoniker = ".NETFramework,Version%3Dv4.0"
		Debug.AspNetCompiler.VirtualPath = "/localhost_64602"
		Debug.AspNetCompiler.PhysicalPath = "template\"
		Debug.AspNetCompiler.TargetPath = "PrecompiledWeb\localhost_64602\"
		Debug.AspNetCompiler.Updateable = "true"
		Debug.AspNetCompiler.ForceOverwrite = "true"
		Debug.AspNetCompiler.FixedNames = "false"
		Debug.AspNetCompiler.Debug = "True"
		Release.AspNetCompiler.VirtualPath = "/localhost_64602"
		Release.AspNetCompiler.PhysicalPath = "template\"
		Release.AspNetCompiler.TargetPath = "PrecompiledWeb\localhost_64602\"
		Release.AspNetCompiler.Updateable = "true"
		Release.AspNetCompiler.ForceOverwrite = "true"
		Release.AspNetCompiler.FixedNames = "false"
		Release.AspNetCompiler.Debug = "False"
		VWDPort = "64602"
		SlnRelativePath = "template\"
	EndProjectSection
EndProject
Project("{E24C65DC-7377-472B-9ABA-BC803B73C61A}") = "corex", "corex\", "{D7C4756C-3251-40BA-9BE1-164F54931C46}"
	ProjectSection(WebsiteProperties) = preProject
		TargetFrameworkMoniker = ".NETFramework,Version%3Dv4.0"
		Debug.AspNetCompiler.VirtualPath = "/localhost_52067"
		Debug.AspNetCompiler.PhysicalPath = "corex\"
		Debug.AspNetCompiler.TargetPath = "PrecompiledWeb\localhost_52067\"
		Debug.AspNetCompiler.Updateable = "true"
		Debug.AspNetCompiler.ForceOverwrite = "true"
		Debug.AspNetCompiler.FixedNames = "false"
		Debug.AspNetCompiler.Debug = "True"
		Release.AspNetCompiler.VirtualPath = "/localhost_52067"
		Release.AspNetCompiler.PhysicalPath = "corex\"
		Release.AspNetCompiler.TargetPath = "PrecompiledWeb\localhost_52067\"
		Release.AspNetCompiler.Updateable = "true"
		Release.AspNetCompiler.ForceOverwrite = "true"
		Release.AspNetCompiler.FixedNames = "false"
		Release.AspNetCompiler.Debug = "False"
		VWDPort = "52067"
		SlnRelativePath = "corex\"
	EndProjectSection
EndProject
Project("{E24C65DC-7377-472B-9ABA-BC803B73C61A}") = "grid", "grid\", "{ACE54181-B0C6-457D-9416-C2BBEDB1F824}"
	ProjectSection(WebsiteProperties) = preProject
		TargetFrameworkMoniker = ".NETFramework,Version%3Dv4.0"
		Debug.AspNetCompiler.VirtualPath = "/localhost_58724"
		Debug.AspNetCompiler.PhysicalPath = "grid\"
		Debug.AspNetCompiler.TargetPath = "PrecompiledWeb\localhost_58724\"
		Debug.AspNetCompiler.Updateable = "true"
		Debug.AspNetCompiler.ForceOverwrite = "true"
		Debug.AspNetCompiler.FixedNames = "false"
		Debug.AspNetCompiler.Debug = "True"
		Release.AspNetCompiler.VirtualPath = "/localhost_58724"
		Release.AspNetCompiler.PhysicalPath = "grid\"
		Release.AspNetCompiler.TargetPath = "PrecompiledWeb\localhost_58724\"
		Release.AspNetCompiler.Updateable = "true"
		Release.AspNetCompiler.ForceOverwrite = "true"
		Release.AspNetCompiler.FixedNames = "false"
		Release.AspNetCompiler.Debug = "False"
		VWDPort = "58724"
	EndProjectSection
EndProject
Global
	GlobalSection(SolutionConfigurationPlatforms) = preSolution
		Debug|Any CPU = Debug|Any CPU
		Release|Any CPU = Release|Any CPU
	EndGlobalSection
	GlobalSection(ProjectConfigurationPlatforms) = postSolution
		{4639B8BF-851C-42A3-862F-BBF893D6F7C5}.Debug|Any CPU.ActiveCfg = Debug|Any CPU
		{4639B8BF-851C-42A3-862F-BBF893D6F7C5}.Debug|Any CPU.Build.0 = Debug|Any CPU
		{4639B8BF-851C-42A3-862F-BBF893D6F7C5}.Release|Any CPU.ActiveCfg = Release|Any CPU
		{4639B8BF-851C-42A3-862F-BBF893D6F7C5}.Release|Any CPU.Build.0 = Release|Any CPU
		{A3097FCE-19B7-4C82-B7DE-5B3B24622ED2}.Debug|Any CPU.ActiveCfg = Debug|Any CPU
		{A3097FCE-19B7-4C82-B7DE-5B3B24622ED2}.Debug|Any CPU.Build.0 = Debug|Any CPU
		{A3097FCE-19B7-4C82-B7DE-5B3B24622ED2}.Release|Any CPU.ActiveCfg = Release|Any CPU
		{A3097FCE-19B7-4C82-B7DE-5B3B24622ED2}.Release|Any CPU.Build.0 = Release|Any CPU
		{F5073644-76D6-425E-A1AB-C6D34C84F002}.Debug|Any CPU.ActiveCfg = Debug|Any CPU
		{F5073644-76D6-425E-A1AB-C6D34C84F002}.Debug|Any CPU.Build.0 = Debug|Any CPU
		{F5073644-76D6-425E-A1AB-C6D34C84F002}.Release|Any CPU.ActiveCfg = Release|Any CPU
		{F5073644-76D6-425E-A1AB-C6D34C84F002}.Release|Any CPU.Build.0 = Release|Any CPU
		{AE525B91-AB89-485D-A1F3-90410151AB5F}.Debug|Any CPU.ActiveCfg = Debug|Any CPU
		{AE525B91-AB89-485D-A1F3-90410151AB5F}.Debug|Any CPU.Build.0 = Debug|Any CPU
		{AE525B91-AB89-485D-A1F3-90410151AB5F}.Release|Any CPU.ActiveCfg = Debug|Any CPU
		{AE525B91-AB89-485D-A1F3-90410151AB5F}.Release|Any CPU.Build.0 = Debug|Any CPU
		{A60869B3-E3C1-4BD1-869A-472A99F55DE6}.Debug|Any CPU.ActiveCfg = Debug|Any CPU
		{A60869B3-E3C1-4BD1-869A-472A99F55DE6}.Debug|Any CPU.Build.0 = Debug|Any CPU
		{A60869B3-E3C1-4BD1-869A-472A99F55DE6}.Release|Any CPU.ActiveCfg = Debug|Any CPU
		{A60869B3-E3C1-4BD1-869A-472A99F55DE6}.Release|Any CPU.Build.0 = Debug|Any CPU
		{4CC50A26-0913-4735-9738-DA3D03F87BFF}.Debug|Any CPU.ActiveCfg = Debug|Any CPU
		{4CC50A26-0913-4735-9738-DA3D03F87BFF}.Debug|Any CPU.Build.0 = Debug|Any CPU
		{4CC50A26-0913-4735-9738-DA3D03F87BFF}.Release|Any CPU.ActiveCfg = Debug|Any CPU
		{4CC50A26-0913-4735-9738-DA3D03F87BFF}.Release|Any CPU.Build.0 = Debug|Any CPU
		{D7C4756C-3251-40BA-9BE1-164F54931C46}.Debug|Any CPU.ActiveCfg = Debug|Any CPU
		{D7C4756C-3251-40BA-9BE1-164F54931C46}.Debug|Any CPU.Build.0 = Debug|Any CPU
		{D7C4756C-3251-40BA-9BE1-164F54931C46}.Release|Any CPU.ActiveCfg = Debug|Any CPU
		{D7C4756C-3251-40BA-9BE1-164F54931C46}.Release|Any CPU.Build.0 = Debug|Any CPU
		{ACE54181-B0C6-457D-9416-C2BBEDB1F824}.Debug|Any CPU.ActiveCfg = Debug|Any CPU
		{ACE54181-B0C6-457D-9416-C2BBEDB1F824}.Debug|Any CPU.Build.0 = Debug|Any CPU
		{ACE54181-B0C6-457D-9416-C2BBEDB1F824}.Release|Any CPU.ActiveCfg = Debug|Any CPU
		{ACE54181-B0C6-457D-9416-C2BBEDB1F824}.Release|Any CPU.Build.0 = Debug|Any CPU
	EndGlobalSection
	GlobalSection(SolutionProperties) = preSolution
		HideSolutionNode = FALSE
	EndGlobalSection
EndGlobal
